
Microsoft Visual Studio Solution File, Format Version 12.00
# Visual Studio 14
VisualStudioVersion = 14.0.23107.0
MinimumVisualStudioVersion = 10.0.40219.1
Project("{FAE04EC0-301F-11D3-BF4B-00C04F79EFBC}") = "BookStoreAPI", "BookStoreAPI\BookStoreAPI.csproj", "{9810BC95-FD75-4094-8964-7F35CBA10D7A}"
EndProject
Project("{FAE04EC0-301F-11D3-BF4B-00C04F79EFBC}") = "BookStoreAPI.Core", "BookStoreAPI.Core\BookStoreAPI.Core.csproj", "{F95D3EF5-E5D1-49FE-AFE4-EC242860BA31}"
EndProject
Global
	GlobalSection(SolutionConfigurationPlatforms) = preSolution
		Debug|Any CPU = Debug|Any CPU
		Release|Any CPU = Release|Any CPU
	EndGlobalSection
	GlobalSection(ProjectConfigurationPlatforms) = postSolution
		{9810BC95-FD75-4094-8964-7F35CBA10D7A}.Debug|Any CPU.ActiveCfg = Debug|Any CPU
		{9810BC95-FD75-4094-8964-7F35CBA10D7A}.Debug|Any CPU.Build.0 = Debug|Any CPU
		{9810BC95-FD75-4094-8964-7F35CBA10D7A}.Release|Any CPU.ActiveCfg = Release|Any CPU
		{9810BC95-FD75-4094-8964-7F35CBA10D7A}.Release|Any CPU.Build.0 = Release|Any CPU
		{F95D3EF5-E5D1-49FE-AFE4-EC242860BA31}.Debug|Any CPU.ActiveCfg = Debug|Any CPU
		{F95D3EF5-E5D1-49FE-AFE4-EC242860BA31}.Debug|Any CPU.Build.0 = Debug|Any CPU
		{F95D3EF5-E5D1-49FE-AFE4-EC242860BA31}.Release|Any CPU.ActiveCfg = Release|Any CPU
		{F95D3EF5-E5D1-49FE-AFE4-EC242860BA31}.Release|Any CPU.Build.0 = Release|Any CPU
	EndGlobalSection
	GlobalSection(SolutionProperties) = preSolution
		HideSolutionNode = FALSE
	EndGlobalSection
EndGlobal
